// !$*UTF8*$!
{
	archiveVersion = 1;
	classes = {
	};
	objectVersion = 46;
	objects = {

/* Begin PBXBuildFile section */
		2966CD981E0E6114001D846F /* Assets.xcassets in Resources */ = {isa = PBXBuildFile; fileRef = 2966CD971E0E6114001D846F /* Assets.xcassets */; };
		29BD48181E10B52800384293 /* Stack.swift in Sources */ = {isa = PBXBuildFile; fileRef = 29BD48171E10B52800384293 /* Stack.swift */; };
		29CF82E91E026673009AE7D9 /* AppDelegate.swift in Sources */ = {isa = PBXBuildFile; fileRef = 29CF82E81E026673009AE7D9 /* AppDelegate.swift */; };
		29CF82EB1E026673009AE7D9 /* ViewController.swift in Sources */ = {isa = PBXBuildFile; fileRef = 29CF82EA1E026673009AE7D9 /* ViewController.swift */; };
		29CF82F01E026673009AE7D9 /* Main.storyboard in Resources */ = {isa = PBXBuildFile; fileRef = 29CF82EE1E026673009AE7D9 /* Main.storyboard */; };
		29CF82F91E02ED45009AE7D9 /* Board.swift in Sources */ = {isa = PBXBuildFile; fileRef = 29CF82F81E02ED45009AE7D9 /* Board.swift */; };
		29CF82FD1E02EE01009AE7D9 /* BoardView.swift in Sources */ = {isa = PBXBuildFile; fileRef = 29CF82FC1E02EE01009AE7D9 /* BoardView.swift */; };
/* End PBXBuildFile section */

/* Begin PBXFileReference section */
		2966CD971E0E6114001D846F /* Assets.xcassets */ = {isa = PBXFileReference; lastKnownFileType = folder.assetcatalog; path = Assets.xcassets; sourceTree = "<group>"; };
		29BD48171E10B52800384293 /* Stack.swift */ = {isa = PBXFileReference; fileEncoding = 4; lastKnownFileType = sourcecode.swift; path = Stack.swift; sourceTree = "<group>"; };
		29CF82E51E026673009AE7D9 /* gobang.app */ = {isa = PBXFileReference; explicitFileType = wrapper.application; includeInIndex = 0; path = gobang.app; sourceTree = BUILT_PRODUCTS_DIR; };
		29CF82E81E026673009AE7D9 /* AppDelegate.swift */ = {isa = PBXFileReference; lastKnownFileType = sourcecode.swift; path = AppDelegate.swift; sourceTree = "<group>"; };
		29CF82EA1E026673009AE7D9 /* ViewController.swift */ = {isa = PBXFileReference; lastKnownFileType = sourcecode.swift; path = ViewController.swift; sourceTree = "<group>"; };
		29CF82EF1E026673009AE7D9 /* Base */ = {isa = PBXFileReference; lastKnownFileType = file.storyboard; name = Base; path = Base.lproj/Main.storyboard; sourceTree = "<group>"; };
		29CF82F11E026673009AE7D9 /* Info.plist */ = {isa = PBXFileReference; lastKnownFileType = text.plist.xml; path = Info.plist; sourceTree = "<group>"; };
		29CF82F71E02E701009AE7D9 /* gobangTest.playground */ = {isa = PBXFileReference; lastKnownFileType = file.playground; path = gobangTest.playground; sourceTree = "<group>"; };
		29CF82F81E02ED45009AE7D9 /* Board.swift */ = {isa = PBXFileReference; fileEncoding = 4; lastKnownFileType = sourcecode.swift; path = Board.swift; sourceTree = "<group>"; };
		29CF82FC1E02EE01009AE7D9 /* BoardView.swift */ = {isa = PBXFileReference; fileEncoding = 4; lastKnownFileType = sourcecode.swift; path = BoardView.swift; sourceTree = "<group>"; };
/* End PBXFileReference section */

/* Begin PBXFrameworksBuildPhase section */
		29CF82E21E026673009AE7D9 /* Frameworks */ = {
			isa = PBXFrameworksBuildPhase;
			buildActionMask = 2147483647;
			files = (
			);
			runOnlyForDeploymentPostprocessing = 0;
		};
/* End PBXFrameworksBuildPhase section */

/* Begin PBXGroup section */
		29CF82DC1E026673009AE7D9 = {
			isa = PBXGroup;
			children = (
				29CF82F71E02E701009AE7D9 /* gobangTest.playground */,
				29CF82E71E026673009AE7D9 /* gobang */,
				29CF82E61E026673009AE7D9 /* Products */,
			);
			sourceTree = "<group>";
		};
		29CF82E61E026673009AE7D9 /* Products */ = {
			isa = PBXGroup;
			children = (
				29CF82E51E026673009AE7D9 /* gobang.app */,
			);
			name = Products;
			sourceTree = "<group>";
		};
		29CF82E71E026673009AE7D9 /* gobang */ = {
			isa = PBXGroup;
			children = (
				29CF82FC1E02EE01009AE7D9 /* BoardView.swift */,
				29CF82E81E026673009AE7D9 /* AppDelegate.swift */,
				29CF82EA1E026673009AE7D9 /* ViewController.swift */,
				29CF82F81E02ED45009AE7D9 /* Board.swift */,
				2966CD971E0E6114001D846F /* Assets.xcassets */,
				29CF82EE1E026673009AE7D9 /* Main.storyboard */,
				29CF82F11E026673009AE7D9 /* Info.plist */,
				29BD48171E10B52800384293 /* Stack.swift */,
			);
			path = gobang;
			sourceTree = "<group>";
		};
/* End PBXGroup section */

/* Begin PBXNativeTarget section */
		29CF82E41E026673009AE7D9 /* gobang */ = {
			isa = PBXNativeTarget;
			buildConfigurationList = 29CF82F41E026673009AE7D9 /* Build configuration list for PBXNativeTarget "gobang" */;
			buildPhases = (
				29CF82E11E026673009AE7D9 /* Sources */,
				29CF82E21E026673009AE7D9 /* Frameworks */,
				29CF82E31E026673009AE7D9 /* Resources */,
			);
			buildRules = (
			);
			dependencies = (
			);
			name = gobang;
			productName = gobang;
			productReference = 29CF82E51E026673009AE7D9 /* gobang.app */;
			productType = "com.apple.product-type.application";
		};
/* End PBXNativeTarget section */

/* Begin PBXProject section */
		29CF82DD1E026673009AE7D9 /* Project object */ = {
			isa = PBXProject;
			attributes = {
				LastSwiftUpdateCheck = 0820;
				LastUpgradeCheck = 0820;
				ORGANIZATIONNAME = Leif;
				TargetAttributes = {
					29CF82E41E026673009AE7D9 = {
						CreatedOnToolsVersion = 8.2;
						DevelopmentTeam = 22522ET6CL;
						ProvisioningStyle = Automatic;
					};
				};
			};
			buildConfigurationList = 29CF82E01E026673009AE7D9 /* Build configuration list for PBXProject "gobang" */;
			compatibilityVersion = "Xcode 3.2";
			developmentRegion = English;
			hasScannedForEncodings = 0;
			knownRegions = (
				en,
				Base,
			);
			mainGroup = 29CF82DC1E026673009AE7D9;
			productRefGroup = 29CF82E61E026673009AE7D9 /* Products */;
			projectDirPath = "";
			projectRoot = "";
			targets = (
				29CF82E41E026673009AE7D9 /* gobang */,
			);
		};
/* End PBXProject section */

/* Begin PBXResourcesBuildPhase section */
		29CF82E31E026673009AE7D9 /* Resources */ = {
			isa = PBXResourcesBuildPhase;
			buildActionMask = 2147483647;
			files = (
				2966CD981E0E6114001D846F /* Assets.xcassets in Resources */,
				29CF82F01E026673009AE7D9 /* Main.storyboard in Resources */,
			);
			runOnlyForDeploymentPostprocessing = 0;
		};
/* End PBXResourcesBuildPhase section */

/* Begin PBXSourcesBuildPhase section */
		29CF82E11E026673009AE7D9 /* Sources */ = {
			isa = PBXSourcesBuildPhase;
			buildActionMask = 2147483647;
			files = (
				29CF82EB1E026673009AE7D9 /* ViewController.swift in Sources */,
				29BD48181E10B52800384293 /* Stack.swift in Sources */,
				29CF82FD1E02EE01009AE7D9 /* BoardView.swift in Sources */,
				29CF82E91E026673009AE7D9 /* AppDelegate.swift in Sources */,
				29CF82F91E02ED45009AE7D9 /* Board.swift in Sources */,
			);
			runOnlyForDeploymentPostprocessing = 0;
		};
/* End PBXSourcesBuildPhase section */

/* Begin PBXVariantGroup section */
		29CF82EE1E026673009AE7D9 /* Main.storyboard */ = {
			isa = PBXVariantGroup;
			children = (
				29CF82EF1E026673009AE7D9 /* Base */,
			);
			name = Main.storyboard;
			sourceTree = "<group>";
		};
/* End PBXVariantGroup section */

/* Begin XCBuildConfiguration section */
		29CF82F21E026673009AE7D9 /* Debug */ = {
			isa = XCBuildConfiguration;
			buildSettings = {
				ALWAYS_SEARCH_USER_PATHS = NO;
				CLANG_ANALYZER_NONNULL = YES;
				CLANG_CXX_LANGUAGE_STANDARD = "gnu++0x";
				CLANG_CXX_LIBRARY = "libc++";
				CLANG_ENABLE_MODULES = YES;
				CLANG_ENABLE_OBJC_ARC = YES;
				CLANG_WARN_BOOL_CONVERSION = YES;
				CLANG_WARN_CONSTANT_CONVERSION = YES;
				CLANG_WARN_DIRECT_OBJC_ISA_USAGE = YES_ERROR;
				CLANG_WARN_DOCUMENTATION_COMMENTS = YES;
				CLANG_WARN_EMPTY_BODY = YES;
				CLANG_WARN_ENUM_CONVERSION = YES;
				CLANG_WARN_INFINITE_RECURSION = YES;
				CLANG_WARN_INT_CONVERSION = YES;
				CLANG_WARN_OBJC_ROOT_CLASS = YES_ERROR;
				CLANG_WARN_SUSPICIOUS_MOVE = YES;
				CLANG_WARN_UNREACHABLE_CODE = YES;
				CLANG_WARN__DUPLICATE_METHOD_MATCH = YES;
				CODE_SIGN_IDENTITY = "-";
				COPY_PHASE_STRIP = NO;
				DEBUG_INFORMATION_FORMAT = dwarf;
				ENABLE_STRICT_OBJC_MSGSEND = YES;
				ENABLE_TESTABILITY = YES;
				GCC_C_LANGUAGE_STANDARD = gnu99;
				GCC_DYNAMIC_NO_PIC = NO;
				GCC_NO_COMMON_BLOCKS = YES;
				GCC_OPTIMIZATION_LEVEL = 0;
				GCC_PREPROCESSOR_DEFINITIONS = (
					"DEBUG=1",
					"$(inherited)",
				);
				GCC_WARN_64_TO_32_BIT_CONVERSION = YES;
				GCC_WARN_ABOUT_RETURN_TYPE = YES_ERROR;
				GCC_WARN_UNDECLARED_SELECTOR = YES;
				GCC_WARN_UNINITIALIZED_AUTOS = YES_AGGRESSIVE;
				GCC_WARN_UNUSED_FUNCTION = YES;
				GCC_WARN_UNUSED_VARIABLE = YES;
				MACOSX_DEPLOYMENT_TARGET = 10.12;
				MTL_ENABLE_DEBUG_INFO = YES;
				ONLY_ACTIVE_ARCH = YES;
				SDKROOT = macosx;
				SWIFT_ACTIVE_COMPILATION_CONDITIONS = DEBUG;
				SWIFT_OPTIMIZATION_LEVEL = "-Onone";
			};
			name = Debug;
		};
		29CF82F31E026673009AE7D9 /* Release */ = {
			isa = XCBuildConfiguration;
			buildSettings = {
				ALWAYS_SEARCH_USER_PATHS = NO;
				CLANG_ANALYZER_NONNULL = YES;
				CLANG_CXX_LANGUAGE_STANDARD = "gnu++0x";
				CLANG_CXX_LIBRARY = "libc++";
				CLANG_ENABLE_MODULES = YES;
				CLANG_ENABLE_OBJC_ARC = YES;
				CLANG_WARN_BOOL_CONVERSION = YES;
				CLANG_WARN_CONSTANT_CONVERSION = YES;
				CLANG_WARN_DIRECT_OBJC_ISA_USAGE = YES_ERROR;
				CLANG_WARN_DOCUMENTATION_COMMENTS = YES;
				CLANG_WARN_EMPTY_BODY = YES;
				CLANG_WARN_ENUM_CONVERSION = YES;
				CLANG_WARN_INFINITE_RECURSION = YES;
				CLANG_WARN_INT_CONVERSION = YES;
				CLANG_WARN_OBJC_ROOT_CLASS = YES_ERROR;
				CLANG_WARN_SUSPICIOUS_MOVE = YES;
				CLANG_WARN_UNREACHABLE_CODE = YES;
				CLANG_WARN__DUPLICATE_METHOD_MATCH = YES;
				CODE_SIGN_IDENTITY = "-";
				COPY_PHASE_STRIP = NO;
				DEBUG_INFORMATION_FORMAT = "dwarf-with-dsym";
				ENABLE_NS_ASSERTIONS = NO;
				ENABLE_STRICT_OBJC_MSGSEND = YES;
				GCC_C_LANGUAGE_STANDARD = gnu99;
				GCC_NO_COMMON_BLOCKS = YES;
				GCC_WARN_64_TO_32_BIT_CONVERSION = YES;
				GCC_WARN_ABOUT_RETURN_TYPE = YES_ERROR;
				GCC_WARN_UNDECLARED_SELECTOR = YES;
				GCC_WARN_UNINITIALIZED_AUTOS = YES_AGGRESSIVE;
				GCC_WARN_UNUSED_FUNCTION = YES;
				GCC_WARN_UNUSED_VARIABLE = YES;
				MACOSX_DEPLOYMENT_TARGET = 10.12;
				MTL_ENABLE_DEBUG_INFO = NO;
				SDKROOT = macosx;
				SWIFT_OPTIMIZATION_LEVEL = "-Owholemodule";
			};
			name = Release;
		};
		29CF82F51E026673009AE7D9 /* Debug */ = {
			isa = XCBuildConfiguration;
			buildSettings = {
				ASSETCATALOG_COMPILER_APPICON_NAME = AppIcon;
				CODE_SIGN_IDENTITY = "Mac Developer";
				COMBINE_HIDPI_IMAGES = YES;
				DEVELOPMENT_TEAM = 22522ET6CL;
				INFOPLIST_FILE = gobang/Info.plist;
				LD_RUNPATH_SEARCH_PATHS = "$(inherited) @executable_path/../Frameworks";
				PRODUCT_BUNDLE_IDENTIFIER = jacky.gobang;
				PRODUCT_NAME = "$(TARGET_NAME)";
				SWIFT_VERSION = 3.0;
			};
			name = Debug;
		};
		29CF82F61E026673009AE7D9 /* Release */ = {
			isa = XCBuildConfiguration;
			buildSettings = {
				ASSETCATALOG_COMPILER_APPICON_NAME = AppIcon;
				CODE_SIGN_IDENTITY = "Mac Developer";
				COMBINE_HIDPI_IMAGES = YES;
				DEVELOPMENT_TEAM = 22522ET6CL;
				INFOPLIST_FILE = gobang/Info.plist;
				LD_RUNPATH_SEARCH_PATHS = "$(inherited) @executable_path/../Frameworks";
				PRODUCT_BUNDLE_IDENTIFIER = jacky.gobang;
				PRODUCT_NAME = "$(TARGET_NAME)";
				SWIFT_VERSION = 3.0;
			};
			name = Release;
		};
/* End XCBuildConfiguration section */

/* Begin XCConfigurationList section */
		29CF82E01E026673009AE7D9 /* Build configuration list for PBXProject "gobang" */ = {
			isa = XCConfigurationList;
			buildConfigurations = (
				29CF82F21E026673009AE7D9 /* Debug */,
				29CF82F31E026673009AE7D9 /* Release */,
			);
			defaultConfigurationIsVisible = 0;
			defaultConfigurationName = Release;
		};
		29CF82F41E026673009AE7D9 /* Build configuration list for PBXNativeTarget "gobang" */ = {
			isa = XCConfigurationList;
			buildConfigurations = (
				29CF82F51E026673009AE7D9 /* Debug */,
				29CF82F61E026673009AE7D9 /* Release */,
			);
			defaultConfigurationIsVisible = 0;
			defaultConfigurationName = Release;
		};
/* End XCConfigurationList section */
	};
	rootObject = 29CF82DD1E026673009AE7D9 /* Project object */;
}
